
Microsoft Visual Studio Solution File, Format Version 12.00
# Visual Studio 15
VisualStudioVersion = 15.0.26730.12
MinimumVisualStudioVersion = 10.0.40219.1
Project("{FAE04EC0-301F-11D3-BF4B-00C04F79EFBC}") = "RealPokerTime", "RealPokerTime\RealPokerTime.csproj", "{BA68C6E8-61A3-4A7D-B84A-431FD17829E8}"
EndProject
Project("{FAE04EC0-301F-11D3-BF4B-00C04F79EFBC}") = "RealPokerTime.Tests", "RealPokerTime.tests\RealPokerTime.Tests.csproj", "{B921631D-9BDE-47FF-9556-440F13524C0F}"
EndProject
Global
	GlobalSection(SolutionConfigurationPlatforms) = preSolution
		Debug|Any CPU = Debug|Any CPU
		Release|Any CPU = Release|Any CPU
	EndGlobalSection
	GlobalSection(ProjectConfigurationPlatforms) = postSolution
		{BA68C6E8-61A3-4A7D-B84A-431FD17829E8}.Debug|Any CPU.ActiveCfg = Debug|Any CPU
		{BA68C6E8-61A3-4A7D-B84A-431FD17829E8}.Debug|Any CPU.Build.0 = Debug|Any CPU
		{BA68C6E8-61A3-4A7D-B84A-431FD17829E8}.Release|Any CPU.ActiveCfg = Release|Any CPU
		{BA68C6E8-61A3-4A7D-B84A-431FD17829E8}.Release|Any CPU.Build.0 = Release|Any CPU
		{B921631D-9BDE-47FF-9556-440F13524C0F}.Debug|Any CPU.ActiveCfg = Debug|Any CPU
		{B921631D-9BDE-47FF-9556-440F13524C0F}.Debug|Any CPU.Build.0 = Debug|Any CPU
		{B921631D-9BDE-47FF-9556-440F13524C0F}.Release|Any CPU.ActiveCfg = Release|Any CPU
		{B921631D-9BDE-47FF-9556-440F13524C0F}.Release|Any CPU.Build.0 = Release|Any CPU
	EndGlobalSection
	GlobalSection(SolutionProperties) = preSolution
		HideSolutionNode = FALSE
	EndGlobalSection
	GlobalSection(ExtensibilityGlobals) = postSolution
		SolutionGuid = {117503EC-BACA-4E16-9AED-878003DF3AEE}
	EndGlobalSection
EndGlobal
